{
  "schema": 1,
  "generated_by": "tests/_harness_support.py::skeleton_hashes (run manually; see tests/test_harness.py::test_skeleton_unchanged)",
  "note": "Regenerate ONLY after a deliberate, human-reviewed change to a skeleton cell in app.py (AGENTS.md \"Partitioning\"). An agent-caused diff here should make test_skeleton_unchanged fail, not get silently regenerated.",
  "cell_count": 51,
  "hashes": [
    "5ec488358e62a4682b0b37badd7671a62068ab9b4c5da6847b1aaaf3976a4df9",
    "8a2cdba3b6490aabf79deffc21a21808b02418cb238de5ba01f86855da397003",
    "c3ff9095d21eaa07820334884650fa956dfffeccc3c4de6db49702b3d4039cb6",
    "eb21e64558c53c199e86b4c17ae84abbc4122d7c3b73373e0ef9e61fec163b83",
    "1c04dc7064f7def715012491de52583e311bdeea5b4c129f582c8486d3c21cc3",
    "334cdf9c039154c5b482d14c9b1e535f59ed7eeacb54d37d99b781df3f1d7b94",
    "aab3079e654f0946030bdeea173f768ea20240a197484d83c10fbfa01c2e340c",
    "175ff3f57b659a6ec8fbdbd8fd3069d88285c2adecfe6820990ef3906e45994f",
    "6761c10d592614d42ee6815a2871238cc45e476854bf0ba254c9ceff1b6bd35d",
    "e486364f6e047d72f33aabe918760faf83827d96b4cd9ec0b3a11c3c1b78eac2",
    "0e4dc63e0564dbcf801fb0cb6d21b873083389167fcab26877cc273b726f1645",
    "606593c9490b40e1790a7c8575d223f495b9fd5b8f36dffb3a1543a13a7422f9",
    "339936d8926516d124a377b1b7090eeb091ce724af0566c57e9ec5b801a4ac40",
    "9339d46154de5a20597c7db8524b6c1f1a6a0f517ba60ec737ee6bc3ec6b8909",
    "289dbb9516fd9fccb5c06748e4752b5a214dd2f613350b20ee8da11f2ac7826b",
    "4ccef14ffafe06800109be55af3113b1072b5e5162872c0549d2855f710a17b0",
    "ea81d8f286f7234c008a320a223816122f5f7393791fe5f8acda238b06558297",
    "674e6ca1e418681cbaee01d8666de19234a032a5b582efa3a5da49826f266ba2",
    "473987e248313824f2b763577c76e3f365971cdf039cd5de153285c8b4636dc2",
    "54934c7159068fb14961fe8044edfc7990332b1c978c91517778f223069ee1cd",
    "12bf04fc857f2c5ea6907bf4d679b4b5846e6a0ceef217a7f92486f7679c3606",
    "5dab81256c671746eb1d7a46863a9c8dcba98f9ddec64591f0f222f26e7698cb",
    "fecd5abffe718174755b0384e5711ddf3165e09382499f5d81393a1b44081caf",
    "8f967346b848a276b53bffa5bee5143525bb614ca318f62e309e082117ac112a",
    "848f437b4bab744ee951bb5c4c4fa47c5da61232523c01d605edea7c861cda45",
    "c3a83576e6666314cde89a422976f79160f853f63fe51b1814e340c50ca51f41",
    "17ed2bbdf234646fcce773f206a1063ffc7b475b616bb979162a362808828f3e",
    "647ed34b162bb0c11c98d13f7cac4cfaf5a4b4e572083d2c83425e692689b495",
    "91b6f85ba404c95fe3d0297e585fd55a0c3e252bcf74f269d861b95fcb1e6c66",
    "680c7e4589a4d9cbb33426645ec6a3905701232a00cac791488054b29d11f17c",
    "08b5bc2283ba7b73e98c2b1f1ce59352639cf2d4a9bd2638c29cee2ad4c869d2",
    "0fc6e734c514bdf388c7032aa80a2a100057093606165d8e503c55b6228be102",
    "ad3bdc9950a51fde43b11194282f8a1bbbbeb9e149baf8f5b8c0dff854928531",
    "ecf8a1da5f926f1cb953442e10fd72e84a7ba29b2539823deb0edaba477780fa",
    "fd0142a56d6f50531cd5c19e6e843071579a22914205f8c59724beb8443cb034",
    "576c01ecf130d9fc5b5beae8c4ebfc71d10eaa1807080f1934954b0facecde74",
    "5e638f678f4421b780a7868c85d19e68525972b964eb65477700a79ea1c3ce27",
    "a8f90438fb7f5bf82192388993f74897b8ff882aca1322259b8678e381895d18",
    "d675e7566f6e121a8efac6667b6ea767008b228618bde58051b5c80fb45c2955",
    "af272e5b23e0fb4c085a73a1afb7ccd1052e66f0700ae35e0624702702b8fb83",
    "8e731f3a390598c79b3e007a32ce943e9bfc8ee6c1a871600ace3315cade8c06",
    "f5dc5b374c8be13189d87c0919b4b43878a39e0ffe7912e7b5099c3815c97fe1",
    "02769157a54ea3f4ddf11fc8e5d1c4a0ff11cd49a5cc3caa7daa26c6c528239a",
    "646511aa682b0e03f5cbb52036e820327d804c57343f93ac4dbbaa1488577d77",
    "561996790d5d4339673317183cdcd309cbcf22e5a71a189c4e95a11590628332",
    "27693967a9d1117981294d9c7d7511c7086a4ca6cccded39bbd8c238f6b97d61",
    "b894f39d4c80cab8c1dbd36abd46b8c8a2caffa8fa6cfc4073251c2bf4ee24ec",
    "81294fa68ae6bf603123998c767b903e511b4052d4c1f71a1d96099b40f5862b",
    "1a2ffb4b62fd64db50c3d521a834e23d1cdf5b9268c5d8afcce15fab698ccbe8",
    "41bdf7963b6dc32fde8050f0a4cb89efbc0516fac05c22cfdceabff3ee87c216",
    "7e159a145d0cf9a49ad0bd073c557199365f9175ee70d25a2856cd99fc5823a1"
  ]
}
